
Microsoft Visual Studio Solution File, Format Version 12.00
# Visual Studio Version 17
VisualStudioVersion = 17.11.35327.3
MinimumVisualStudioVersion = 10.0.40219.1
Project("{9A19103F-16F7-4668-BE54-9A1E7A4F7556}") = "ColinApp.WebAPI", "ColinApp.WebAPI\ColinApp.WebAPI.csproj", "{CD5F50DE-1BAC-4CA5-AEAE-20ED3C73ABFA}"
EndProject
Project("{2150E333-8FDC-42A3-9474-1A3956D46DE8}") = "Web API", "Web API", "{5DE9356B-B5B8-4AE3-B1F2-FE734E6A6456}"
EndProject
Project("{2150E333-8FDC-42A3-9474-1A3956D46DE8}") = "Core", "Core", "{AB00F998-7C18-43D0-8B1F-E077C1E6CDC2}"
EndProject
Project("{9A19103F-16F7-4668-BE54-9A1E7A4F7556}") = "ColinApp.Common", "ColinApp.Common\ColinApp.Common.csproj", "{EC39EF30-1796-442D-8E16-EE61BD802967}"
EndProject
Project("{2150E333-8FDC-42A3-9474-1A3956D46DE8}") = "Common", "Common", "{E1120C6B-C660-430F-ADBF-D3F253623CD5}"
EndProject
Project("{2150E333-8FDC-42A3-9474-1A3956D46DE8}") = "Logging", "Logging", "{344041F0-28A8-486C-8717-38C11C570A7C}"
EndProject
Project("{9A19103F-16F7-4668-BE54-9A1E7A4F7556}") = "ColinApp.Logging", "ColinApp.Logging\ColinApp.Logging.csproj", "{B9B2B3E8-DABD-4444-A343-AD7ECFC8B9E6}"
EndProject
Project("{2150E333-8FDC-42A3-9474-1A3956D46DE8}") = "services", "services", "{DC126464-2CEF-41BB-8E29-66EF97E30E31}"
EndProject
Project("{2150E333-8FDC-42A3-9474-1A3956D46DE8}") = "Gateway", "Gateway", "{2EA4DB33-A566-40FA-A8A6-B8E2F4BF33F5}"
EndProject
Project("{9A19103F-16F7-4668-BE54-9A1E7A4F7556}") = "ColinApp.Gateway", "ColinApp.Gateway\ColinApp.Gateway.csproj", "{9B512A98-3BF2-4776-80A6-964CEEC34E24}"
EndProject
Project("{2150E333-8FDC-42A3-9474-1A3956D46DE8}") = "Entity", "Entity", "{B7A9622F-D90C-486D-938A-60C7ABD4C35F}"
EndProject
Project("{9A19103F-16F7-4668-BE54-9A1E7A4F7556}") = "ColinApp.Entities", "ColinApp.Entities\ColinApp.Entities.csproj", "{4044ECFE-701D-4AE2-A0BE-8C2D84402594}"
EndProject
Project("{2150E333-8FDC-42A3-9474-1A3956D46DE8}") = "Auth Service", "Auth Service", "{47156405-B2B6-457D-A1B4-D4DE0FE1E33E}"
EndProject
Project("{9A19103F-16F7-4668-BE54-9A1E7A4F7556}") = "ColinApp.Auth", "ColinApp.Auth\ColinApp.Auth.csproj", "{1316FD73-7678-4346-BEFF-36B50D979BBD}"
EndProject
Global
	GlobalSection(SolutionConfigurationPlatforms) = preSolution
		Debug|Any CPU = Debug|Any CPU
		Release|Any CPU = Release|Any CPU
	EndGlobalSection
	GlobalSection(ProjectConfigurationPlatforms) = postSolution
		{CD5F50DE-1BAC-4CA5-AEAE-20ED3C73ABFA}.Debug|Any CPU.ActiveCfg = Debug|Any CPU
		{CD5F50DE-1BAC-4CA5-AEAE-20ED3C73ABFA}.Debug|Any CPU.Build.0 = Debug|Any CPU
		{CD5F50DE-1BAC-4CA5-AEAE-20ED3C73ABFA}.Release|Any CPU.ActiveCfg = Release|Any CPU
		{CD5F50DE-1BAC-4CA5-AEAE-20ED3C73ABFA}.Release|Any CPU.Build.0 = Release|Any CPU
		{EC39EF30-1796-442D-8E16-EE61BD802967}.Debug|Any CPU.ActiveCfg = Debug|Any CPU
		{EC39EF30-1796-442D-8E16-EE61BD802967}.Debug|Any CPU.Build.0 = Debug|Any CPU
		{EC39EF30-1796-442D-8E16-EE61BD802967}.Release|Any CPU.ActiveCfg = Release|Any CPU
		{EC39EF30-1796-442D-8E16-EE61BD802967}.Release|Any CPU.Build.0 = Release|Any CPU
		{B9B2B3E8-DABD-4444-A343-AD7ECFC8B9E6}.Debug|Any CPU.ActiveCfg = Debug|Any CPU
		{B9B2B3E8-DABD-4444-A343-AD7ECFC8B9E6}.Debug|Any CPU.Build.0 = Debug|Any CPU
		{B9B2B3E8-DABD-4444-A343-AD7ECFC8B9E6}.Release|Any CPU.ActiveCfg = Release|Any CPU
		{B9B2B3E8-DABD-4444-A343-AD7ECFC8B9E6}.Release|Any CPU.Build.0 = Release|Any CPU
		{9B512A98-3BF2-4776-80A6-964CEEC34E24}.Debug|Any CPU.ActiveCfg = Debug|Any CPU
		{9B512A98-3BF2-4776-80A6-964CEEC34E24}.Debug|Any CPU.Build.0 = Debug|Any CPU
		{9B512A98-3BF2-4776-80A6-964CEEC34E24}.Release|Any CPU.ActiveCfg = Release|Any CPU
		{9B512A98-3BF2-4776-80A6-964CEEC34E24}.Release|Any CPU.Build.0 = Release|Any CPU
		{4044ECFE-701D-4AE2-A0BE-8C2D84402594}.Debug|Any CPU.ActiveCfg = Debug|Any CPU
		{4044ECFE-701D-4AE2-A0BE-8C2D84402594}.Debug|Any CPU.Build.0 = Debug|Any CPU
		{4044ECFE-701D-4AE2-A0BE-8C2D84402594}.Release|Any CPU.ActiveCfg = Release|Any CPU
		{4044ECFE-701D-4AE2-A0BE-8C2D84402594}.Release|Any CPU.Build.0 = Release|Any CPU
		{1316FD73-7678-4346-BEFF-36B50D979BBD}.Debug|Any CPU.ActiveCfg = Debug|Any CPU
		{1316FD73-7678-4346-BEFF-36B50D979BBD}.Debug|Any CPU.Build.0 = Debug|Any CPU
		{1316FD73-7678-4346-BEFF-36B50D979BBD}.Release|Any CPU.ActiveCfg = Release|Any CPU
		{1316FD73-7678-4346-BEFF-36B50D979BBD}.Release|Any CPU.Build.0 = Release|Any CPU
	EndGlobalSection
	GlobalSection(SolutionProperties) = preSolution
		HideSolutionNode = FALSE
	EndGlobalSection
	GlobalSection(NestedProjects) = preSolution
		{CD5F50DE-1BAC-4CA5-AEAE-20ED3C73ABFA} = {5DE9356B-B5B8-4AE3-B1F2-FE734E6A6456}
		{5DE9356B-B5B8-4AE3-B1F2-FE734E6A6456} = {DC126464-2CEF-41BB-8E29-66EF97E30E31}
		{EC39EF30-1796-442D-8E16-EE61BD802967} = {E1120C6B-C660-430F-ADBF-D3F253623CD5}
		{E1120C6B-C660-430F-ADBF-D3F253623CD5} = {AB00F998-7C18-43D0-8B1F-E077C1E6CDC2}
		{344041F0-28A8-486C-8717-38C11C570A7C} = {AB00F998-7C18-43D0-8B1F-E077C1E6CDC2}
		{B9B2B3E8-DABD-4444-A343-AD7ECFC8B9E6} = {344041F0-28A8-486C-8717-38C11C570A7C}
		{9B512A98-3BF2-4776-80A6-964CEEC34E24} = {2EA4DB33-A566-40FA-A8A6-B8E2F4BF33F5}
		{4044ECFE-701D-4AE2-A0BE-8C2D84402594} = {B7A9622F-D90C-486D-938A-60C7ABD4C35F}
		{47156405-B2B6-457D-A1B4-D4DE0FE1E33E} = {DC126464-2CEF-41BB-8E29-66EF97E30E31}
		{1316FD73-7678-4346-BEFF-36B50D979BBD} = {47156405-B2B6-457D-A1B4-D4DE0FE1E33E}
	EndGlobalSection
	GlobalSection(ExtensibilityGlobals) = postSolution
		SolutionGuid = {CE685958-F381-4C0B-8DFC-111DD14A9735}
	EndGlobalSection
EndGlobal
